
Microsoft Visual Studio Solution File, Format Version 12.00
# Visual Studio Version 17
VisualStudioVersion = 17.5.33424.131
MinimumVisualStudioVersion = 10.0.40219.1
Project("{8BC9CEB8-8B4A-11D0-8D11-00A0C91BC942}") = "MyReflectiveDLL", "MyReflectiveDLL.vcxproj", "{F89387EB-2056-46BD-A040-378607D6065A}"
EndProject
Project("{8BC9CEB8-8B4A-11D0-8D11-00A0C91BC942}") = "MyInject", "MyInject\MyInject.vcxproj", "{924E190C-C22A-43A8-A89B-09B1EA41178D}"
EndProject
Global
	GlobalSection(SolutionConfigurationPlatforms) = preSolution
		Debug|x64 = Debug|x64
		Debug|x86 = Debug|x86
		Release|x64 = Release|x64
		Release|x86 = Release|x86
	EndGlobalSection
	GlobalSection(ProjectConfigurationPlatforms) = postSolution
		{F89387EB-2056-46BD-A040-378607D6065A}.Debug|x64.ActiveCfg = Debug|x64
		{F89387EB-2056-46BD-A040-378607D6065A}.Debug|x64.Build.0 = Debug|x64
		{F89387EB-2056-46BD-A040-378607D6065A}.Debug|x86.ActiveCfg = Debug|Win32
		{F89387EB-2056-46BD-A040-378607D6065A}.Debug|x86.Build.0 = Debug|Win32
		{F89387EB-2056-46BD-A040-378607D6065A}.Release|x64.ActiveCfg = Release|x64
		{F89387EB-2056-46BD-A040-378607D6065A}.Release|x64.Build.0 = Release|x64
		{F89387EB-2056-46BD-A040-378607D6065A}.Release|x86.ActiveCfg = Release|Win32
		{F89387EB-2056-46BD-A040-378607D6065A}.Release|x86.Build.0 = Release|Win32
		{924E190C-C22A-43A8-A89B-09B1EA41178D}.Debug|x64.ActiveCfg = Debug|x64
		{924E190C-C22A-43A8-A89B-09B1EA41178D}.Debug|x64.Build.0 = Debug|x64
		{924E190C-C22A-43A8-A89B-09B1EA41178D}.Debug|x86.ActiveCfg = Debug|Win32
		{924E190C-C22A-43A8-A89B-09B1EA41178D}.Debug|x86.Build.0 = Debug|Win32
		{924E190C-C22A-43A8-A89B-09B1EA41178D}.Release|x64.ActiveCfg = Release|x64
		{924E190C-C22A-43A8-A89B-09B1EA41178D}.Release|x64.Build.0 = Release|x64
		{924E190C-C22A-43A8-A89B-09B1EA41178D}.Release|x86.ActiveCfg = Release|Win32
		{924E190C-C22A-43A8-A89B-09B1EA41178D}.Release|x86.Build.0 = Release|Win32
	EndGlobalSection
	GlobalSection(SolutionProperties) = preSolution
		HideSolutionNode = FALSE
	EndGlobalSection
	GlobalSection(ExtensibilityGlobals) = postSolution
		SolutionGuid = {CEF2CBEE-8724-4B4F-9C61-F439165DC1AC}
	EndGlobalSection
EndGlobal
